<?xml version="1.0" encoding="utf-8"?>
<Project ToolsVersion="4.0" xmlns="http://schemas.microsoft.com/developer/msbuild/2003">
  <ItemGroup>
    <Filter Include="Source Files">
      <UniqueIdentifier>{4FC737F1-C7A5-4376-A066-2A32D752A2FF}</UniqueIdentifier>
      <Extensions>cpp;c;cc;cxx;c++;cppm;ixx;def;odl;idl;hpj;bat;asm;asmx</Extensions>
    </Filter>
    <Filter Include="Header Files">
      <UniqueIdentifier>{93995380-89BD-4b04-88EB-625FBE52EBFB}</UniqueIdentifier>
      <Extensions>h;hh;hpp;hxx;h++;hm;inl;inc;ipp;xsd</Extensions>
    </Filter>
    <Filter Include="Resource Files">
      <UniqueIdentifier>{67DA6AB6-F800-4c08-8B7A-83BB121AAD01}</UniqueIdentifier>
      <Extensions>rc;ico;cur;bmp;dlg;rc2;rct;bin;rgs;gif;jpg;jpeg;jpe;resx;tiff;tif;png;wav;mfcribbon-ms</Extensions>
    </Filter>
    <Filter Include="Header Files\Listas">
      <UniqueIdentifier>{a7fbd9ea-baee-44cb-a007-6d7b22e0e67c}</UniqueIdentifier>
    </Filter>
    <Filter Include="Header Files\Interfaz">
      <UniqueIdentifier>{2acc5db1-4e57-4e5a-990c-c5e85ec48cc9}</UniqueIdentifier>
    </Filter>
    <Filter Include="Source Files\Interfaz">
      <UniqueIdentifier>{3d0dbf0d-1e8c-4e70-8627-394fe0ab97f7}</UniqueIdentifier>
    </Filter>
    <Filter Include="Header Files\Interfaz\Excepciones">
      <UniqueIdentifier>{0a7f9b32-5044-4a3b-bbb7-1cf1aa63b529}</UniqueIdentifier>
    </Filter>
    <Filter Include="Header Files\Interfaz\Archivos">
      <UniqueIdentifier>{fc71767a-76b8-4536-9ad9-ff7082804148}</UniqueIdentifier>
    </Filter>
    <Filter Include="Source Files\Interfaz\Excepciones">
      <UniqueIdentifier>{e014a794-2931-433b-9d81-443c74a8c059}</UniqueIdentifier>
    </Filter>
    <Filter Include="Source Files\Interfaz\Archivos">
      <UniqueIdentifier>{73986dab-3cb2-453a-826e-507e6caa9c79}</UniqueIdentifier>
    </Filter>
    <Filter Include="Header Files\Objetos">
      <UniqueIdentifier>{5cdb5b98-5a7b-47a0-a270-62dee276b657}</UniqueIdentifier>
    </Filter>
    <Filter Include="Header Files\Objetos\Producto">
      <UniqueIdentifier>{40898b4f-a539-4def-a8fb-bc4d7e30034e}</UniqueIdentifier>
    </Filter>
    <Filter Include="Header Files\Objetos\Producto\Perecederos">
      <UniqueIdentifier>{93516d3a-7cbc-413d-ba7e-3ee612c286df}</UniqueIdentifier>
    </Filter>
    <Filter Include="Header Files\Objetos\Producto\NoPerecederos">
      <UniqueIdentifier>{5291076b-9b63-4d10-ade0-f74e7dfb6576}</UniqueIdentifier>
    </Filter>
    <Filter Include="Source Files\Objetos">
      <UniqueIdentifier>{d51e89a8-cec8-41b9-bdd6-cc68ec5f767f}</UniqueIdentifier>
    </Filter>
    <Filter Include="Source Files\Objetos\Producto">
      <UniqueIdentifier>{6872d298-61e9-4aa3-a106-b442b5fb9d62}</UniqueIdentifier>
    </Filter>
    <Filter Include="Source Files\Objetos\Producto\Perecederos">
      <UniqueIdentifier>{fde9ad75-3656-4594-9703-488be9b1fea8}</UniqueIdentifier>
    </Filter>
    <Filter Include="Source Files\Objetos\Producto\Conserva">
      <UniqueIdentifier>{7d93317a-e13e-4d35-a614-7d02f46cf2ff}</UniqueIdentifier>
    </Filter>
    <Filter Include="Header Files\Objetos\Factura">
      <UniqueIdentifier>{d37e531d-8cbf-4115-9ec7-65c320250119}</UniqueIdentifier>
    </Filter>
    <Filter Include="Source Files\Objetos\Factura">
      <UniqueIdentifier>{c84ffe2f-0b79-4fbf-a7fe-105e072703ef}</UniqueIdentifier>
    </Filter>
  </ItemGroup>
  <ItemGroup>
    <ClCompile Include="main.cpp">
      <Filter>Source Files</Filter>
    </ClCompile>
    <ClCompile Include="Abarrote.cpp">
      <Filter>Source Files\Objetos\Producto\Perecederos</Filter>
    </ClCompile>
    <ClCompile Include="Carne.cpp">
      <Filter>Source Files\Objetos\Producto\Perecederos</Filter>
    </ClCompile>
    <ClCompile Include="Conserva.cpp">
      <Filter>Source Files\Objetos\Producto\Conserva</Filter>
    </ClCompile>
    <ClCompile Include="Embutido.cpp">
      <Filter>Source Files\Objetos\Producto\Perecederos</Filter>
    </ClCompile>
    <ClCompile Include="Perecedero.cpp">
      <Filter>Source Files\Objetos\Producto\Perecederos</Filter>
    </ClCompile>
    <ClCompile Include="Producto.cpp">
      <Filter>Source Files\Objetos\Producto</Filter>
    </ClCompile>
    <ClCompile Include="Interfaz.cpp">
      <Filter>Source Files\Interfaz</Filter>
    </ClCompile>
    <ClCompile Include="Excepciones.cpp">
      <Filter>Source Files\Interfaz\Excepciones</Filter>
    </ClCompile>
    <ClCompile Include="Archivo.cpp">
      <Filter>Source Files\Interfaz\Archivos</Filter>
    </ClCompile>
    <ClCompile Include="Factura.cpp">
      <Filter>Source Files\Objetos\Factura</Filter>
    </ClCompile>
  </ItemGroup>
  <ItemGroup>
    <ClInclude Include="Producto.h">
      <Filter>Header Files\Objetos\Producto</Filter>
    </ClInclude>
    <ClInclude Include="Perecedero.h">
      <Filter>Header Files\Objetos\Producto\Perecederos</Filter>
    </ClInclude>
    <ClInclude Include="Embutido.h">
      <Filter>Header Files\Objetos\Producto\Perecederos</Filter>
    </ClInclude>
    <ClInclude Include="Carne.h">
      <Filter>Header Files\Objetos\Producto\Perecederos</Filter>
    </ClInclude>
    <ClInclude Include="Abarrote.h">
      <Filter>Header Files\Objetos\Producto\Perecederos</Filter>
    </ClInclude>
    <ClInclude Include="Conserva.h">
      <Filter>Header Files\Objetos\Producto\NoPerecederos</Filter>
    </ClInclude>
    <ClInclude Include="Excepciones.h">
      <Filter>Header Files\Interfaz\Excepciones</Filter>
    </ClInclude>
    <ClInclude Include="Archivo.h">
      <Filter>Header Files\Interfaz\Archivos</Filter>
    </ClInclude>
    <ClInclude Include="Interfaz.h">
      <Filter>Header Files\Interfaz</Filter>
    </ClInclude>
    <ClInclude Include="Lista.h">
      <Filter>Header Files\Listas</Filter>
    </ClInclude>
    <ClInclude Include="Factura.h">
      <Filter>Header Files\Objetos\Factura</Filter>
    </ClInclude>
  </ItemGroup>
</Project>